
Microsoft Visual Studio Solution File, Format Version 12.00
# Visual Studio Version 16
VisualStudioVersion = 16.0.30523.141
MinimumVisualStudioVersion = 10.0.40219.1
Project("{FAE04EC0-301F-11D3-BF4B-00C04F79EFBC}") = "BigMoney", "BigMoney\BigMoney.csproj", "{AE3F2F42-0E41-44BE-A9C6-88DC87155949}"
EndProject
Global
	GlobalSection(SolutionConfigurationPlatforms) = preSolution
		Debug|Any CPU = Debug|Any CPU
		Release|Any CPU = Release|Any CPU
	EndGlobalSection
	GlobalSection(ProjectConfigurationPlatforms) = postSolution
		{AE3F2F42-0E41-44BE-A9C6-88DC87155949}.Debug|Any CPU.ActiveCfg = Debug|Any CPU
		{AE3F2F42-0E41-44BE-A9C6-88DC87155949}.Debug|Any CPU.Build.0 = Debug|Any CPU
		{AE3F2F42-0E41-44BE-A9C6-88DC87155949}.Release|Any CPU.ActiveCfg = Release|Any CPU
		{AE3F2F42-0E41-44BE-A9C6-88DC87155949}.Release|Any CPU.Build.0 = Release|Any CPU
	EndGlobalSection
	GlobalSection(SolutionProperties) = preSolution
		HideSolutionNode = FALSE
	EndGlobalSection
	GlobalSection(ExtensibilityGlobals) = postSolution
		SolutionGuid = {5369DA9F-DC3B-4832-B9D3-3914244F9FE9}
	EndGlobalSection
EndGlobal
